
Microsoft Visual Studio Solution File, Format Version 12.00
# Visual Studio Version 17
VisualStudioVersion = 17.8.34309.116
MinimumVisualStudioVersion = 10.0.40219.1
Project("{FAE04EC0-301F-11D3-BF4B-00C04F79EFBC}") = "TicketCounterWebApp", "TicketCounterWebApp\TicketCounterWebApp.csproj", "{9C134DE7-6CFE-4F81-BC3A-E24BB1600293}"
EndProject
Global
	GlobalSection(SolutionConfigurationPlatforms) = preSolution
		Debug|Any CPU = Debug|Any CPU
		Release|Any CPU = Release|Any CPU
	EndGlobalSection
	GlobalSection(ProjectConfigurationPlatforms) = postSolution
		{9C134DE7-6CFE-4F81-BC3A-E24BB1600293}.Debug|Any CPU.ActiveCfg = Debug|Any CPU
		{9C134DE7-6CFE-4F81-BC3A-E24BB1600293}.Debug|Any CPU.Build.0 = Debug|Any CPU
		{9C134DE7-6CFE-4F81-BC3A-E24BB1600293}.Release|Any CPU.ActiveCfg = Release|Any CPU
		{9C134DE7-6CFE-4F81-BC3A-E24BB1600293}.Release|Any CPU.Build.0 = Release|Any CPU
	EndGlobalSection
	GlobalSection(SolutionProperties) = preSolution
		HideSolutionNode = FALSE
	EndGlobalSection
	GlobalSection(ExtensibilityGlobals) = postSolution
		SolutionGuid = {D441EA8C-7A8C-48B3-AAA1-55ACD56E246D}
	EndGlobalSection
EndGlobal
